
Microsoft Visual Studio Solution File, Format Version 12.00
# Visual Studio Version 17
VisualStudioVersion = 17.0.31903.59
MinimumVisualStudioVersion = 10.0.40219.1
Project("{2150E333-8FDC-42A3-9474-1A3956D46DE8}") = "src", "src", "{8AC3CE2C-0E7A-4690-BFA0-8A7FACE220DF}"
EndProject
Project("{2150E333-8FDC-42A3-9474-1A3956D46DE8}") = "1 - web api", "1 - web api", "{078FA2C4-1903-4FB2-BBC9-86745E9CDC6E}"
EndProject
Project("{FAE04EC0-301F-11D3-BF4B-00C04F79EFBC}") = "challenge.ibge.web.api", "challenge.ibge.web.api\challenge.ibge.web.api.csproj", "{81C60416-4615-4CC6-B7E5-84555274A8E8}"
EndProject
Project("{2150E333-8FDC-42A3-9474-1A3956D46DE8}") = "2 - infra", "2 - infra", "{4311EEF6-A094-465C-9C29-D235718038DD}"
EndProject
Project("{FAE04EC0-301F-11D3-BF4B-00C04F79EFBC}") = "challenge.ibge.infra.data", "challenge.ibge.infra.data\challenge.ibge.infra.data.csproj", "{B9A0B9B5-CD56-4BC3-A782-682BB89F679E}"
EndProject
Project("{FAE04EC0-301F-11D3-BF4B-00C04F79EFBC}") = "challenge.ibge.authentication", "challenge.ibge.authentication\challenge.ibge.authentication.csproj", "{E3EF9C8C-C86B-48C6-84DF-F76DE6FE339A}"
EndProject
Project("{2150E333-8FDC-42A3-9474-1A3956D46DE8}") = "3 - tests", "3 - tests", "{76455D74-7823-47F0-8E09-459B967085BB}"
EndProject
Project("{FAE04EC0-301F-11D3-BF4B-00C04F79EFBC}") = "TestProject1", "TestProject1\TestProject1.csproj", "{42F0C52B-6C2B-4D2D-B795-A34773F99CEC}"
EndProject
Global
	GlobalSection(SolutionConfigurationPlatforms) = preSolution
		Debug|Any CPU = Debug|Any CPU
		Release|Any CPU = Release|Any CPU
	EndGlobalSection
	GlobalSection(ProjectConfigurationPlatforms) = postSolution
		{81C60416-4615-4CC6-B7E5-84555274A8E8}.Debug|Any CPU.ActiveCfg = Debug|Any CPU
		{81C60416-4615-4CC6-B7E5-84555274A8E8}.Debug|Any CPU.Build.0 = Debug|Any CPU
		{81C60416-4615-4CC6-B7E5-84555274A8E8}.Release|Any CPU.ActiveCfg = Release|Any CPU
		{81C60416-4615-4CC6-B7E5-84555274A8E8}.Release|Any CPU.Build.0 = Release|Any CPU
		{B9A0B9B5-CD56-4BC3-A782-682BB89F679E}.Debug|Any CPU.ActiveCfg = Debug|Any CPU
		{B9A0B9B5-CD56-4BC3-A782-682BB89F679E}.Debug|Any CPU.Build.0 = Debug|Any CPU
		{B9A0B9B5-CD56-4BC3-A782-682BB89F679E}.Release|Any CPU.ActiveCfg = Release|Any CPU
		{B9A0B9B5-CD56-4BC3-A782-682BB89F679E}.Release|Any CPU.Build.0 = Release|Any CPU
		{E3EF9C8C-C86B-48C6-84DF-F76DE6FE339A}.Debug|Any CPU.ActiveCfg = Debug|Any CPU
		{E3EF9C8C-C86B-48C6-84DF-F76DE6FE339A}.Debug|Any CPU.Build.0 = Debug|Any CPU
		{E3EF9C8C-C86B-48C6-84DF-F76DE6FE339A}.Release|Any CPU.ActiveCfg = Release|Any CPU
		{E3EF9C8C-C86B-48C6-84DF-F76DE6FE339A}.Release|Any CPU.Build.0 = Release|Any CPU
		{42F0C52B-6C2B-4D2D-B795-A34773F99CEC}.Debug|Any CPU.ActiveCfg = Debug|Any CPU
		{42F0C52B-6C2B-4D2D-B795-A34773F99CEC}.Debug|Any CPU.Build.0 = Debug|Any CPU
		{42F0C52B-6C2B-4D2D-B795-A34773F99CEC}.Release|Any CPU.ActiveCfg = Release|Any CPU
		{42F0C52B-6C2B-4D2D-B795-A34773F99CEC}.Release|Any CPU.Build.0 = Release|Any CPU
	EndGlobalSection
	GlobalSection(SolutionProperties) = preSolution
		HideSolutionNode = FALSE
	EndGlobalSection
	GlobalSection(NestedProjects) = preSolution
		{078FA2C4-1903-4FB2-BBC9-86745E9CDC6E} = {8AC3CE2C-0E7A-4690-BFA0-8A7FACE220DF}
		{81C60416-4615-4CC6-B7E5-84555274A8E8} = {078FA2C4-1903-4FB2-BBC9-86745E9CDC6E}
		{4311EEF6-A094-465C-9C29-D235718038DD} = {8AC3CE2C-0E7A-4690-BFA0-8A7FACE220DF}
		{B9A0B9B5-CD56-4BC3-A782-682BB89F679E} = {4311EEF6-A094-465C-9C29-D235718038DD}
		{E3EF9C8C-C86B-48C6-84DF-F76DE6FE339A} = {078FA2C4-1903-4FB2-BBC9-86745E9CDC6E}
		{76455D74-7823-47F0-8E09-459B967085BB} = {8AC3CE2C-0E7A-4690-BFA0-8A7FACE220DF}
		{42F0C52B-6C2B-4D2D-B795-A34773F99CEC} = {76455D74-7823-47F0-8E09-459B967085BB}
	EndGlobalSection
EndGlobal
